
Microsoft Visual Studio Solution File, Format Version 12.00
# Visual Studio Version 16
VisualStudioVersion = 16.0.31829.152
MinimumVisualStudioVersion = 10.0.40219.1
Project("{2150E333-8FDC-42A3-9474-1A3956D46DE8}") = "Services", "Services", "{71143181-8D3C-4ECC-9C36-6E5DCE000F36}"
EndProject
Project("{2150E333-8FDC-42A3-9474-1A3956D46DE8}") = "Catalog", "Catalog", "{0018A14A-34D2-40C1-A7F0-984260382223}"
EndProject
Project("{FAE04EC0-301F-11D3-BF4B-00C04F79EFBC}") = "Catalog.API", "Services\Catalog\Catalog.API\Catalog.API.csproj", "{66820195-2BC8-41DD-8348-CE91E20CD868}"
EndProject
Global
	GlobalSection(SolutionConfigurationPlatforms) = preSolution
		Debug|Any CPU = Debug|Any CPU
		Release|Any CPU = Release|Any CPU
	EndGlobalSection
	GlobalSection(ProjectConfigurationPlatforms) = postSolution
		{66820195-2BC8-41DD-8348-CE91E20CD868}.Debug|Any CPU.ActiveCfg = Debug|Any CPU
		{66820195-2BC8-41DD-8348-CE91E20CD868}.Debug|Any CPU.Build.0 = Debug|Any CPU
		{66820195-2BC8-41DD-8348-CE91E20CD868}.Release|Any CPU.ActiveCfg = Release|Any CPU
		{66820195-2BC8-41DD-8348-CE91E20CD868}.Release|Any CPU.Build.0 = Release|Any CPU
	EndGlobalSection
	GlobalSection(SolutionProperties) = preSolution
		HideSolutionNode = FALSE
	EndGlobalSection
	GlobalSection(NestedProjects) = preSolution
		{0018A14A-34D2-40C1-A7F0-984260382223} = {71143181-8D3C-4ECC-9C36-6E5DCE000F36}
		{66820195-2BC8-41DD-8348-CE91E20CD868} = {0018A14A-34D2-40C1-A7F0-984260382223}
	EndGlobalSection
	GlobalSection(ExtensibilityGlobals) = postSolution
		SolutionGuid = {4C651C4C-A097-4A78-883D-4490EB7E69EA}
	EndGlobalSection
EndGlobal
