
Microsoft Visual Studio Solution File, Format Version 12.00
# Visual Studio Version 16
VisualStudioVersion = 16.0.31829.152
MinimumVisualStudioVersion = 10.0.40219.1
Project("{2150E333-8FDC-42A3-9474-1A3956D46DE8}") = "Services", "Services", "{71143181-8D3C-4ECC-9C36-6E5DCE000F36}"
EndProject
Project("{2150E333-8FDC-42A3-9474-1A3956D46DE8}") = "Catalog", "Catalog", "{0018A14A-34D2-40C1-A7F0-984260382223}"
EndProject
Project("{9A19103F-16F7-4668-BE54-9A1E7A4F7556}") = "Catalog.API", "Services\Catalog\Catalog.API\Catalog.API.csproj", "{66820195-2BC8-41DD-8348-CE91E20CD868}"
EndProject
Project("{2150E333-8FDC-42A3-9474-1A3956D46DE8}") = "Basket", "Basket", "{60A718F8-7ED7-4AE1-90D4-0B33CE392F11}"
EndProject
Project("{9A19103F-16F7-4668-BE54-9A1E7A4F7556}") = "Basket.API", "Services\Basket\Basket.API\Basket.API.csproj", "{FB98073A-0469-4AC5-9F4B-8F4606BF91EC}"
EndProject
Project("{E53339B2-1760-4266-BCC7-CA923CBCF16C}") = "docker-compose", "docker-compose.dcproj", "{B67705C8-579C-4B90-B980-94C08A46424C}"
EndProject
Project("{2150E333-8FDC-42A3-9474-1A3956D46DE8}") = "Discount", "Discount", "{FAE4BD6F-3FE7-469D-9C55-70F397B8FCC9}"
EndProject
Project("{9A19103F-16F7-4668-BE54-9A1E7A4F7556}") = "Discount.API", "Services\Discount\Discount.API\Discount.API.csproj", "{3A554421-F8B4-4F24-996F-FA6660046879}"
EndProject
Project("{9A19103F-16F7-4668-BE54-9A1E7A4F7556}") = "Discount.Grpc", "Services\Discount\Discount.Grpc\Discount.Grpc.csproj", "{D6A6320A-EA1D-4CD7-884F-27F1A0CFB5DF}"
EndProject
Global
	GlobalSection(SolutionConfigurationPlatforms) = preSolution
		Debug|Any CPU = Debug|Any CPU
		Release|Any CPU = Release|Any CPU
	EndGlobalSection
	GlobalSection(ProjectConfigurationPlatforms) = postSolution
		{66820195-2BC8-41DD-8348-CE91E20CD868}.Debug|Any CPU.ActiveCfg = Debug|Any CPU
		{66820195-2BC8-41DD-8348-CE91E20CD868}.Debug|Any CPU.Build.0 = Debug|Any CPU
		{66820195-2BC8-41DD-8348-CE91E20CD868}.Release|Any CPU.ActiveCfg = Release|Any CPU
		{66820195-2BC8-41DD-8348-CE91E20CD868}.Release|Any CPU.Build.0 = Release|Any CPU
		{FB98073A-0469-4AC5-9F4B-8F4606BF91EC}.Debug|Any CPU.ActiveCfg = Debug|Any CPU
		{FB98073A-0469-4AC5-9F4B-8F4606BF91EC}.Debug|Any CPU.Build.0 = Debug|Any CPU
		{FB98073A-0469-4AC5-9F4B-8F4606BF91EC}.Release|Any CPU.ActiveCfg = Release|Any CPU
		{FB98073A-0469-4AC5-9F4B-8F4606BF91EC}.Release|Any CPU.Build.0 = Release|Any CPU
		{B67705C8-579C-4B90-B980-94C08A46424C}.Debug|Any CPU.ActiveCfg = Debug|Any CPU
		{B67705C8-579C-4B90-B980-94C08A46424C}.Debug|Any CPU.Build.0 = Debug|Any CPU
		{B67705C8-579C-4B90-B980-94C08A46424C}.Release|Any CPU.ActiveCfg = Release|Any CPU
		{B67705C8-579C-4B90-B980-94C08A46424C}.Release|Any CPU.Build.0 = Release|Any CPU
		{3A554421-F8B4-4F24-996F-FA6660046879}.Debug|Any CPU.ActiveCfg = Debug|Any CPU
		{3A554421-F8B4-4F24-996F-FA6660046879}.Debug|Any CPU.Build.0 = Debug|Any CPU
		{3A554421-F8B4-4F24-996F-FA6660046879}.Release|Any CPU.ActiveCfg = Release|Any CPU
		{3A554421-F8B4-4F24-996F-FA6660046879}.Release|Any CPU.Build.0 = Release|Any CPU
		{D6A6320A-EA1D-4CD7-884F-27F1A0CFB5DF}.Debug|Any CPU.ActiveCfg = Debug|Any CPU
		{D6A6320A-EA1D-4CD7-884F-27F1A0CFB5DF}.Debug|Any CPU.Build.0 = Debug|Any CPU
		{D6A6320A-EA1D-4CD7-884F-27F1A0CFB5DF}.Release|Any CPU.ActiveCfg = Release|Any CPU
		{D6A6320A-EA1D-4CD7-884F-27F1A0CFB5DF}.Release|Any CPU.Build.0 = Release|Any CPU
	EndGlobalSection
	GlobalSection(SolutionProperties) = preSolution
		HideSolutionNode = FALSE
	EndGlobalSection
	GlobalSection(NestedProjects) = preSolution
		{0018A14A-34D2-40C1-A7F0-984260382223} = {71143181-8D3C-4ECC-9C36-6E5DCE000F36}
		{66820195-2BC8-41DD-8348-CE91E20CD868} = {0018A14A-34D2-40C1-A7F0-984260382223}
		{60A718F8-7ED7-4AE1-90D4-0B33CE392F11} = {71143181-8D3C-4ECC-9C36-6E5DCE000F36}
		{FB98073A-0469-4AC5-9F4B-8F4606BF91EC} = {60A718F8-7ED7-4AE1-90D4-0B33CE392F11}
		{FAE4BD6F-3FE7-469D-9C55-70F397B8FCC9} = {71143181-8D3C-4ECC-9C36-6E5DCE000F36}
		{3A554421-F8B4-4F24-996F-FA6660046879} = {FAE4BD6F-3FE7-469D-9C55-70F397B8FCC9}
		{D6A6320A-EA1D-4CD7-884F-27F1A0CFB5DF} = {FAE4BD6F-3FE7-469D-9C55-70F397B8FCC9}
	EndGlobalSection
	GlobalSection(ExtensibilityGlobals) = postSolution
		SolutionGuid = {4C651C4C-A097-4A78-883D-4490EB7E69EA}
	EndGlobalSection
EndGlobal
